
Microsoft Visual Studio Solution File, Format Version 12.00
Project("{FAE04EC0-301F-11D3-BF4B-00C04F79EFBC}") = "ProfilingProgram", "ProfilingProgram.csproj", "{75830EB9-0678-4614-86FF-539F27658591}"
EndProject
Global
	GlobalSection(SolutionConfigurationPlatforms) = preSolution
		Debug|Any CPU = Debug|Any CPU
		Release|Any CPU = Release|Any CPU
	EndGlobalSection
	GlobalSection(ProjectConfigurationPlatforms) = postSolution
		{75830EB9-0678-4614-86FF-539F27658591}.Debug|Any CPU.ActiveCfg = Debug|Any CPU
		{75830EB9-0678-4614-86FF-539F27658591}.Debug|Any CPU.Build.0 = Debug|Any CPU
		{75830EB9-0678-4614-86FF-539F27658591}.Release|Any CPU.ActiveCfg = Release|Any CPU
		{75830EB9-0678-4614-86FF-539F27658591}.Release|Any CPU.Build.0 = Release|Any CPU
	EndGlobalSection
EndGlobal
